
Microsoft Visual Studio Solution File, Format Version 12.00
# Visual Studio Version 16
VisualStudioVersion = 16.0.30804.86
MinimumVisualStudioVersion = 10.0.40219.1
Project("{9A19103F-16F7-4668-BE54-9A1E7A4F7556}") = "ProShop.Web", "ProShop.Web\ProShop.Web.csproj", "{136B20AA-8C4A-4EFF-93B2-62E91116BA67}"
EndProject
Project("{9A19103F-16F7-4668-BE54-9A1E7A4F7556}") = "ProShop.Core", "ProShop.Core\ProShop.Core.csproj", "{47DE398A-6DBE-47B2-AF45-555A77FA9084}"
EndProject
Project("{9A19103F-16F7-4668-BE54-9A1E7A4F7556}") = "ProShop.Contract", "ProShop.Contract\ProShop.Contract.csproj", "{CC89F46A-664F-4BB4-8A73-FB0FCD0E34B8}"
EndProject
Project("{9A19103F-16F7-4668-BE54-9A1E7A4F7556}") = "ProShop.Core.Tests.Unit", "ProShop.Core.Tests.Unit\ProShop.Core.Tests.Unit.csproj", "{D4E6CE36-6C6D-48A7-9CCD-6E8C2A403E42}"
EndProject
Project("{2150E333-8FDC-42A3-9474-1A3956D46DE8}") = "Shared", "Shared", "{813B232E-670E-461B-B5D8-AA045FDD4683}"
EndProject
Project("{2150E333-8FDC-42A3-9474-1A3956D46DE8}") = "Users", "Users", "{76F1AC82-D2C9-4BE3-A25E-A8D05DF56BD8}"
EndProject
Project("{9A19103F-16F7-4668-BE54-9A1E7A4F7556}") = "ProShop.Users.App", "ProShop.Users.App\ProShop.Users.App.csproj", "{0BA0B21C-F761-4EFB-B7CD-901E9B397381}"
EndProject
Project("{9A19103F-16F7-4668-BE54-9A1E7A4F7556}") = "ProShop.Users.Domain", "ProShop.Users.Domain\ProShop.Users.Domain.csproj", "{61C1A4CB-5FE8-4F44-8440-BE8AA94E0B1C}"
EndProject
Project("{9A19103F-16F7-4668-BE54-9A1E7A4F7556}") = "ProShop.Users.Domain.Tests.Unit", "ProShop.Users.Domain.Tests.Unit\ProShop.Users.Domain.Tests.Unit.csproj", "{0813E255-6EE7-48E1-A66E-309165779E0F}"
EndProject
Project("{9A19103F-16F7-4668-BE54-9A1E7A4F7556}") = "ProShop.Users.App.Tests.Unit", "ProShop.Users.App.Tests.Unit\ProShop.Users.App.Tests.Unit.csproj", "{0F8DE453-0970-41C3-829B-1096141176AD}"
EndProject
Project("{9A19103F-16F7-4668-BE54-9A1E7A4F7556}") = "ProShop.Users.Contract", "ProShop.Users.Contract\ProShop.Users.Contract.csproj", "{ED2BEAD2-250D-4BA1-A27D-4B5A77FF58F3}"
EndProject
Project("{2150E333-8FDC-42A3-9474-1A3956D46DE8}") = "Shopping", "Shopping", "{868A0F6A-A703-4AFF-AD4A-13A4D05602EA}"
EndProject
Project("{FAE04EC0-301F-11D3-BF4B-00C04F79EFBC}") = "ProShop.Shopping.App", "ProShop.Shopping.App\ProShop.Shopping.App.csproj", "{AE29D503-20D6-465A-AAD2-800F36E3C5D7}"
EndProject
Project("{FAE04EC0-301F-11D3-BF4B-00C04F79EFBC}") = "ProShop.Shopping.Domain", "ProShop.Shopping.Domain\ProShop.Shopping.Domain.csproj", "{AD4B805F-03CF-46F7-9266-D42F3664744E}"
EndProject
Project("{FAE04EC0-301F-11D3-BF4B-00C04F79EFBC}") = "ProShop.Shopping.Domain.Tests.Unit", "ProShop.Shopping.Domain.Tests.Unit\ProShop.Shopping.Domain.Tests.Unit.csproj", "{36BD43F0-6138-4510-817C-6D23F4D77529}"
EndProject
Project("{FAE04EC0-301F-11D3-BF4B-00C04F79EFBC}") = "ProShop.Shopping.Contract", "ProShop.Shopping.Contract\ProShop.Shopping.Contract.csproj", "{9730926A-9883-4BEF-BB32-A9F169704AC0}"
EndProject
Project("{FAE04EC0-301F-11D3-BF4B-00C04F79EFBC}") = "ProShop.Shopping.App.Tests.Unit", "ProShop.Shopping.App.Tests.Unit\ProShop.Shopping.App.Tests.Unit.csproj", "{AF10777B-7E80-4225-9D16-06D58EDDDA43}"
EndProject
Global
	GlobalSection(SolutionConfigurationPlatforms) = preSolution
		Debug|Any CPU = Debug|Any CPU
		Release|Any CPU = Release|Any CPU
	EndGlobalSection
	GlobalSection(ProjectConfigurationPlatforms) = postSolution
		{136B20AA-8C4A-4EFF-93B2-62E91116BA67}.Debug|Any CPU.ActiveCfg = Debug|Any CPU
		{136B20AA-8C4A-4EFF-93B2-62E91116BA67}.Debug|Any CPU.Build.0 = Debug|Any CPU
		{136B20AA-8C4A-4EFF-93B2-62E91116BA67}.Release|Any CPU.ActiveCfg = Release|Any CPU
		{136B20AA-8C4A-4EFF-93B2-62E91116BA67}.Release|Any CPU.Build.0 = Release|Any CPU
		{47DE398A-6DBE-47B2-AF45-555A77FA9084}.Debug|Any CPU.ActiveCfg = Debug|Any CPU
		{47DE398A-6DBE-47B2-AF45-555A77FA9084}.Debug|Any CPU.Build.0 = Debug|Any CPU
		{47DE398A-6DBE-47B2-AF45-555A77FA9084}.Release|Any CPU.ActiveCfg = Release|Any CPU
		{47DE398A-6DBE-47B2-AF45-555A77FA9084}.Release|Any CPU.Build.0 = Release|Any CPU
		{CC89F46A-664F-4BB4-8A73-FB0FCD0E34B8}.Debug|Any CPU.ActiveCfg = Debug|Any CPU
		{CC89F46A-664F-4BB4-8A73-FB0FCD0E34B8}.Debug|Any CPU.Build.0 = Debug|Any CPU
		{CC89F46A-664F-4BB4-8A73-FB0FCD0E34B8}.Release|Any CPU.ActiveCfg = Release|Any CPU
		{CC89F46A-664F-4BB4-8A73-FB0FCD0E34B8}.Release|Any CPU.Build.0 = Release|Any CPU
		{D4E6CE36-6C6D-48A7-9CCD-6E8C2A403E42}.Debug|Any CPU.ActiveCfg = Debug|Any CPU
		{D4E6CE36-6C6D-48A7-9CCD-6E8C2A403E42}.Debug|Any CPU.Build.0 = Debug|Any CPU
		{D4E6CE36-6C6D-48A7-9CCD-6E8C2A403E42}.Release|Any CPU.ActiveCfg = Release|Any CPU
		{D4E6CE36-6C6D-48A7-9CCD-6E8C2A403E42}.Release|Any CPU.Build.0 = Release|Any CPU
		{0BA0B21C-F761-4EFB-B7CD-901E9B397381}.Debug|Any CPU.ActiveCfg = Debug|Any CPU
		{0BA0B21C-F761-4EFB-B7CD-901E9B397381}.Debug|Any CPU.Build.0 = Debug|Any CPU
		{0BA0B21C-F761-4EFB-B7CD-901E9B397381}.Release|Any CPU.ActiveCfg = Release|Any CPU
		{0BA0B21C-F761-4EFB-B7CD-901E9B397381}.Release|Any CPU.Build.0 = Release|Any CPU
		{61C1A4CB-5FE8-4F44-8440-BE8AA94E0B1C}.Debug|Any CPU.ActiveCfg = Debug|Any CPU
		{61C1A4CB-5FE8-4F44-8440-BE8AA94E0B1C}.Debug|Any CPU.Build.0 = Debug|Any CPU
		{61C1A4CB-5FE8-4F44-8440-BE8AA94E0B1C}.Release|Any CPU.ActiveCfg = Release|Any CPU
		{61C1A4CB-5FE8-4F44-8440-BE8AA94E0B1C}.Release|Any CPU.Build.0 = Release|Any CPU
		{0813E255-6EE7-48E1-A66E-309165779E0F}.Debug|Any CPU.ActiveCfg = Debug|Any CPU
		{0813E255-6EE7-48E1-A66E-309165779E0F}.Debug|Any CPU.Build.0 = Debug|Any CPU
		{0813E255-6EE7-48E1-A66E-309165779E0F}.Release|Any CPU.ActiveCfg = Release|Any CPU
		{0813E255-6EE7-48E1-A66E-309165779E0F}.Release|Any CPU.Build.0 = Release|Any CPU
		{0F8DE453-0970-41C3-829B-1096141176AD}.Debug|Any CPU.ActiveCfg = Debug|Any CPU
		{0F8DE453-0970-41C3-829B-1096141176AD}.Debug|Any CPU.Build.0 = Debug|Any CPU
		{0F8DE453-0970-41C3-829B-1096141176AD}.Release|Any CPU.ActiveCfg = Release|Any CPU
		{0F8DE453-0970-41C3-829B-1096141176AD}.Release|Any CPU.Build.0 = Release|Any CPU
		{ED2BEAD2-250D-4BA1-A27D-4B5A77FF58F3}.Debug|Any CPU.ActiveCfg = Debug|Any CPU
		{ED2BEAD2-250D-4BA1-A27D-4B5A77FF58F3}.Debug|Any CPU.Build.0 = Debug|Any CPU
		{ED2BEAD2-250D-4BA1-A27D-4B5A77FF58F3}.Release|Any CPU.ActiveCfg = Release|Any CPU
		{ED2BEAD2-250D-4BA1-A27D-4B5A77FF58F3}.Release|Any CPU.Build.0 = Release|Any CPU
		{AE29D503-20D6-465A-AAD2-800F36E3C5D7}.Debug|Any CPU.ActiveCfg = Debug|Any CPU
		{AE29D503-20D6-465A-AAD2-800F36E3C5D7}.Debug|Any CPU.Build.0 = Debug|Any CPU
		{AE29D503-20D6-465A-AAD2-800F36E3C5D7}.Release|Any CPU.ActiveCfg = Release|Any CPU
		{AE29D503-20D6-465A-AAD2-800F36E3C5D7}.Release|Any CPU.Build.0 = Release|Any CPU
		{AD4B805F-03CF-46F7-9266-D42F3664744E}.Debug|Any CPU.ActiveCfg = Debug|Any CPU
		{AD4B805F-03CF-46F7-9266-D42F3664744E}.Debug|Any CPU.Build.0 = Debug|Any CPU
		{AD4B805F-03CF-46F7-9266-D42F3664744E}.Release|Any CPU.ActiveCfg = Release|Any CPU
		{AD4B805F-03CF-46F7-9266-D42F3664744E}.Release|Any CPU.Build.0 = Release|Any CPU
		{36BD43F0-6138-4510-817C-6D23F4D77529}.Debug|Any CPU.ActiveCfg = Debug|Any CPU
		{36BD43F0-6138-4510-817C-6D23F4D77529}.Debug|Any CPU.Build.0 = Debug|Any CPU
		{36BD43F0-6138-4510-817C-6D23F4D77529}.Release|Any CPU.ActiveCfg = Release|Any CPU
		{36BD43F0-6138-4510-817C-6D23F4D77529}.Release|Any CPU.Build.0 = Release|Any CPU
		{9730926A-9883-4BEF-BB32-A9F169704AC0}.Debug|Any CPU.ActiveCfg = Debug|Any CPU
		{9730926A-9883-4BEF-BB32-A9F169704AC0}.Debug|Any CPU.Build.0 = Debug|Any CPU
		{9730926A-9883-4BEF-BB32-A9F169704AC0}.Release|Any CPU.ActiveCfg = Release|Any CPU
		{9730926A-9883-4BEF-BB32-A9F169704AC0}.Release|Any CPU.Build.0 = Release|Any CPU
		{AF10777B-7E80-4225-9D16-06D58EDDDA43}.Debug|Any CPU.ActiveCfg = Debug|Any CPU
		{AF10777B-7E80-4225-9D16-06D58EDDDA43}.Debug|Any CPU.Build.0 = Debug|Any CPU
		{AF10777B-7E80-4225-9D16-06D58EDDDA43}.Release|Any CPU.ActiveCfg = Release|Any CPU
		{AF10777B-7E80-4225-9D16-06D58EDDDA43}.Release|Any CPU.Build.0 = Release|Any CPU
	EndGlobalSection
	GlobalSection(SolutionProperties) = preSolution
		HideSolutionNode = FALSE
	EndGlobalSection
	GlobalSection(NestedProjects) = preSolution
		{47DE398A-6DBE-47B2-AF45-555A77FA9084} = {813B232E-670E-461B-B5D8-AA045FDD4683}
		{CC89F46A-664F-4BB4-8A73-FB0FCD0E34B8} = {813B232E-670E-461B-B5D8-AA045FDD4683}
		{D4E6CE36-6C6D-48A7-9CCD-6E8C2A403E42} = {813B232E-670E-461B-B5D8-AA045FDD4683}
		{0BA0B21C-F761-4EFB-B7CD-901E9B397381} = {76F1AC82-D2C9-4BE3-A25E-A8D05DF56BD8}
		{61C1A4CB-5FE8-4F44-8440-BE8AA94E0B1C} = {76F1AC82-D2C9-4BE3-A25E-A8D05DF56BD8}
		{0813E255-6EE7-48E1-A66E-309165779E0F} = {76F1AC82-D2C9-4BE3-A25E-A8D05DF56BD8}
		{0F8DE453-0970-41C3-829B-1096141176AD} = {76F1AC82-D2C9-4BE3-A25E-A8D05DF56BD8}
		{ED2BEAD2-250D-4BA1-A27D-4B5A77FF58F3} = {76F1AC82-D2C9-4BE3-A25E-A8D05DF56BD8}
		{AE29D503-20D6-465A-AAD2-800F36E3C5D7} = {868A0F6A-A703-4AFF-AD4A-13A4D05602EA}
		{AD4B805F-03CF-46F7-9266-D42F3664744E} = {868A0F6A-A703-4AFF-AD4A-13A4D05602EA}
		{36BD43F0-6138-4510-817C-6D23F4D77529} = {868A0F6A-A703-4AFF-AD4A-13A4D05602EA}
		{9730926A-9883-4BEF-BB32-A9F169704AC0} = {868A0F6A-A703-4AFF-AD4A-13A4D05602EA}
		{AF10777B-7E80-4225-9D16-06D58EDDDA43} = {868A0F6A-A703-4AFF-AD4A-13A4D05602EA}
	EndGlobalSection
	GlobalSection(ExtensibilityGlobals) = postSolution
		SolutionGuid = {DBA56912-D7B8-432B-B5A8-0158B041B03D}
	EndGlobalSection
EndGlobal
