
Microsoft Visual Studio Solution File, Format Version 12.00
# Visual Studio Version 16
VisualStudioVersion = 16.0.30804.86
MinimumVisualStudioVersion = 10.0.40219.1
Project("{9A19103F-16F7-4668-BE54-9A1E7A4F7556}") = "ProShop.Web", "ProShop.Web\ProShop.Web.csproj", "{136B20AA-8C4A-4EFF-93B2-62E91116BA67}"
EndProject
Project("{9A19103F-16F7-4668-BE54-9A1E7A4F7556}") = "ProShop.Core", "ProShop.Core\ProShop.Core.csproj", "{47DE398A-6DBE-47B2-AF45-555A77FA9084}"
EndProject
Project("{9A19103F-16F7-4668-BE54-9A1E7A4F7556}") = "ProShop.Contract", "ProShop.Contract\ProShop.Contract.csproj", "{CC89F46A-664F-4BB4-8A73-FB0FCD0E34B8}"
EndProject
Project("{9A19103F-16F7-4668-BE54-9A1E7A4F7556}") = "ProShop.Core.Tests.Unit", "ProShop.Core.Tests.Unit\ProShop.Core.Tests.Unit.csproj", "{D4E6CE36-6C6D-48A7-9CCD-6E8C2A403E42}"
EndProject
Project("{2150E333-8FDC-42A3-9474-1A3956D46DE8}") = "Core", "Core", "{813B232E-670E-461B-B5D8-AA045FDD4683}"
EndProject
Project("{2150E333-8FDC-42A3-9474-1A3956D46DE8}") = "Orders", "Orders", "{46A97AAC-2317-4B15-92F3-08E7EA6ADC93}"
EndProject
Project("{2150E333-8FDC-42A3-9474-1A3956D46DE8}") = "Products", "Products", "{6EC32E95-B70D-4C8E-9AA6-B302D6F0AC96}"
EndProject
Project("{2150E333-8FDC-42A3-9474-1A3956D46DE8}") = "Users", "Users", "{76F1AC82-D2C9-4BE3-A25E-A8D05DF56BD8}"
EndProject
Project("{9A19103F-16F7-4668-BE54-9A1E7A4F7556}") = "ProShop.Orders.App", "ProShop.Orders.App\ProShop.Orders.App.csproj", "{9079AFE8-A509-4576-BF89-C91A8DBA90AD}"
EndProject
Project("{9A19103F-16F7-4668-BE54-9A1E7A4F7556}") = "ProShop.Orders.Domain", "ProShop.Orders.Domain\ProShop.Orders.Domain.csproj", "{ED3ABD4D-E0C6-4416-8068-D54A78981296}"
EndProject
Project("{9A19103F-16F7-4668-BE54-9A1E7A4F7556}") = "ProShop.Products.App", "ProShop.Products.App\ProShop.Products.App.csproj", "{09E5FE5F-9A11-4513-ADCD-65B1C6C3A6A1}"
EndProject
Project("{9A19103F-16F7-4668-BE54-9A1E7A4F7556}") = "ProShop.Products.Domain", "ProShop.Products.Domain\ProShop.Products.Domain.csproj", "{B7F4AE01-315A-4F1C-8FAD-1DFF277DAADB}"
EndProject
Project("{9A19103F-16F7-4668-BE54-9A1E7A4F7556}") = "ProShop.Users.App", "ProShop.Users.App\ProShop.Users.App.csproj", "{0BA0B21C-F761-4EFB-B7CD-901E9B397381}"
EndProject
Project("{9A19103F-16F7-4668-BE54-9A1E7A4F7556}") = "ProShop.Users.Domain", "ProShop.Users.Domain\ProShop.Users.Domain.csproj", "{61C1A4CB-5FE8-4F44-8440-BE8AA94E0B1C}"
EndProject
Project("{FAE04EC0-301F-11D3-BF4B-00C04F79EFBC}") = "ProShop.Products.Domain.Tests.Unit", "ProShop.Products.Domain.Tests\ProShop.Products.Domain.Tests.Unit.csproj", "{2DA2335D-790B-4987-8670-2BD348B92EAE}"
EndProject
Project("{FAE04EC0-301F-11D3-BF4B-00C04F79EFBC}") = "ProShop.Products.App.Tests.Unit", "ProShop.Products.App.Tests\ProShop.Products.App.Tests.Unit.csproj", "{695B61B8-F35E-4B4A-B926-0F01B4255573}"
EndProject
Project("{FAE04EC0-301F-11D3-BF4B-00C04F79EFBC}") = "ProShop.Users.Domain.Tests.Unit", "ProShop.Users.Domain.Tests\ProShop.Users.Domain.Tests.Unit.csproj", "{0813E255-6EE7-48E1-A66E-309165779E0F}"
EndProject
Project("{FAE04EC0-301F-11D3-BF4B-00C04F79EFBC}") = "ProShop.Users.App.Tests.Unit", "ProShop.Users.App.Tests.Unit\ProShop.Users.App.Tests.Unit.csproj", "{0F8DE453-0970-41C3-829B-1096141176AD}"
EndProject
Project("{FAE04EC0-301F-11D3-BF4B-00C04F79EFBC}") = "ProShop.Orders.App.Tests.Unit", "ProShop.Orders.App.Tests.Unit\ProShop.Orders.App.Tests.Unit.csproj", "{ED9DCC82-9E76-4F4A-9D4D-8B3D03F6CC49}"
EndProject
Project("{FAE04EC0-301F-11D3-BF4B-00C04F79EFBC}") = "ProShop.Orders.Domain.Tests.Unit", "ProShop.Orders.Domain.Tests.Unit\ProShop.Orders.Domain.Tests.Unit.csproj", "{40837FDB-8B78-45F3-91EA-B8BA7321827D}"
EndProject
Global
	GlobalSection(SolutionConfigurationPlatforms) = preSolution
		Debug|Any CPU = Debug|Any CPU
		Release|Any CPU = Release|Any CPU
	EndGlobalSection
	GlobalSection(ProjectConfigurationPlatforms) = postSolution
		{136B20AA-8C4A-4EFF-93B2-62E91116BA67}.Debug|Any CPU.ActiveCfg = Debug|Any CPU
		{136B20AA-8C4A-4EFF-93B2-62E91116BA67}.Debug|Any CPU.Build.0 = Debug|Any CPU
		{136B20AA-8C4A-4EFF-93B2-62E91116BA67}.Release|Any CPU.ActiveCfg = Release|Any CPU
		{136B20AA-8C4A-4EFF-93B2-62E91116BA67}.Release|Any CPU.Build.0 = Release|Any CPU
		{47DE398A-6DBE-47B2-AF45-555A77FA9084}.Debug|Any CPU.ActiveCfg = Debug|Any CPU
		{47DE398A-6DBE-47B2-AF45-555A77FA9084}.Debug|Any CPU.Build.0 = Debug|Any CPU
		{47DE398A-6DBE-47B2-AF45-555A77FA9084}.Release|Any CPU.ActiveCfg = Release|Any CPU
		{47DE398A-6DBE-47B2-AF45-555A77FA9084}.Release|Any CPU.Build.0 = Release|Any CPU
		{CC89F46A-664F-4BB4-8A73-FB0FCD0E34B8}.Debug|Any CPU.ActiveCfg = Debug|Any CPU
		{CC89F46A-664F-4BB4-8A73-FB0FCD0E34B8}.Debug|Any CPU.Build.0 = Debug|Any CPU
		{CC89F46A-664F-4BB4-8A73-FB0FCD0E34B8}.Release|Any CPU.ActiveCfg = Release|Any CPU
		{CC89F46A-664F-4BB4-8A73-FB0FCD0E34B8}.Release|Any CPU.Build.0 = Release|Any CPU
		{D4E6CE36-6C6D-48A7-9CCD-6E8C2A403E42}.Debug|Any CPU.ActiveCfg = Debug|Any CPU
		{D4E6CE36-6C6D-48A7-9CCD-6E8C2A403E42}.Debug|Any CPU.Build.0 = Debug|Any CPU
		{D4E6CE36-6C6D-48A7-9CCD-6E8C2A403E42}.Release|Any CPU.ActiveCfg = Release|Any CPU
		{D4E6CE36-6C6D-48A7-9CCD-6E8C2A403E42}.Release|Any CPU.Build.0 = Release|Any CPU
		{9079AFE8-A509-4576-BF89-C91A8DBA90AD}.Debug|Any CPU.ActiveCfg = Debug|Any CPU
		{9079AFE8-A509-4576-BF89-C91A8DBA90AD}.Debug|Any CPU.Build.0 = Debug|Any CPU
		{9079AFE8-A509-4576-BF89-C91A8DBA90AD}.Release|Any CPU.ActiveCfg = Release|Any CPU
		{9079AFE8-A509-4576-BF89-C91A8DBA90AD}.Release|Any CPU.Build.0 = Release|Any CPU
		{ED3ABD4D-E0C6-4416-8068-D54A78981296}.Debug|Any CPU.ActiveCfg = Debug|Any CPU
		{ED3ABD4D-E0C6-4416-8068-D54A78981296}.Debug|Any CPU.Build.0 = Debug|Any CPU
		{ED3ABD4D-E0C6-4416-8068-D54A78981296}.Release|Any CPU.ActiveCfg = Release|Any CPU
		{ED3ABD4D-E0C6-4416-8068-D54A78981296}.Release|Any CPU.Build.0 = Release|Any CPU
		{09E5FE5F-9A11-4513-ADCD-65B1C6C3A6A1}.Debug|Any CPU.ActiveCfg = Debug|Any CPU
		{09E5FE5F-9A11-4513-ADCD-65B1C6C3A6A1}.Debug|Any CPU.Build.0 = Debug|Any CPU
		{09E5FE5F-9A11-4513-ADCD-65B1C6C3A6A1}.Release|Any CPU.ActiveCfg = Release|Any CPU
		{09E5FE5F-9A11-4513-ADCD-65B1C6C3A6A1}.Release|Any CPU.Build.0 = Release|Any CPU
		{B7F4AE01-315A-4F1C-8FAD-1DFF277DAADB}.Debug|Any CPU.ActiveCfg = Debug|Any CPU
		{B7F4AE01-315A-4F1C-8FAD-1DFF277DAADB}.Debug|Any CPU.Build.0 = Debug|Any CPU
		{B7F4AE01-315A-4F1C-8FAD-1DFF277DAADB}.Release|Any CPU.ActiveCfg = Release|Any CPU
		{B7F4AE01-315A-4F1C-8FAD-1DFF277DAADB}.Release|Any CPU.Build.0 = Release|Any CPU
		{0BA0B21C-F761-4EFB-B7CD-901E9B397381}.Debug|Any CPU.ActiveCfg = Debug|Any CPU
		{0BA0B21C-F761-4EFB-B7CD-901E9B397381}.Debug|Any CPU.Build.0 = Debug|Any CPU
		{0BA0B21C-F761-4EFB-B7CD-901E9B397381}.Release|Any CPU.ActiveCfg = Release|Any CPU
		{0BA0B21C-F761-4EFB-B7CD-901E9B397381}.Release|Any CPU.Build.0 = Release|Any CPU
		{61C1A4CB-5FE8-4F44-8440-BE8AA94E0B1C}.Debug|Any CPU.ActiveCfg = Debug|Any CPU
		{61C1A4CB-5FE8-4F44-8440-BE8AA94E0B1C}.Debug|Any CPU.Build.0 = Debug|Any CPU
		{61C1A4CB-5FE8-4F44-8440-BE8AA94E0B1C}.Release|Any CPU.ActiveCfg = Release|Any CPU
		{61C1A4CB-5FE8-4F44-8440-BE8AA94E0B1C}.Release|Any CPU.Build.0 = Release|Any CPU
		{2DA2335D-790B-4987-8670-2BD348B92EAE}.Debug|Any CPU.ActiveCfg = Debug|Any CPU
		{2DA2335D-790B-4987-8670-2BD348B92EAE}.Debug|Any CPU.Build.0 = Debug|Any CPU
		{2DA2335D-790B-4987-8670-2BD348B92EAE}.Release|Any CPU.ActiveCfg = Release|Any CPU
		{2DA2335D-790B-4987-8670-2BD348B92EAE}.Release|Any CPU.Build.0 = Release|Any CPU
		{695B61B8-F35E-4B4A-B926-0F01B4255573}.Debug|Any CPU.ActiveCfg = Debug|Any CPU
		{695B61B8-F35E-4B4A-B926-0F01B4255573}.Debug|Any CPU.Build.0 = Debug|Any CPU
		{695B61B8-F35E-4B4A-B926-0F01B4255573}.Release|Any CPU.ActiveCfg = Release|Any CPU
		{695B61B8-F35E-4B4A-B926-0F01B4255573}.Release|Any CPU.Build.0 = Release|Any CPU
		{0813E255-6EE7-48E1-A66E-309165779E0F}.Debug|Any CPU.ActiveCfg = Debug|Any CPU
		{0813E255-6EE7-48E1-A66E-309165779E0F}.Debug|Any CPU.Build.0 = Debug|Any CPU
		{0813E255-6EE7-48E1-A66E-309165779E0F}.Release|Any CPU.ActiveCfg = Release|Any CPU
		{0813E255-6EE7-48E1-A66E-309165779E0F}.Release|Any CPU.Build.0 = Release|Any CPU
		{0F8DE453-0970-41C3-829B-1096141176AD}.Debug|Any CPU.ActiveCfg = Debug|Any CPU
		{0F8DE453-0970-41C3-829B-1096141176AD}.Debug|Any CPU.Build.0 = Debug|Any CPU
		{0F8DE453-0970-41C3-829B-1096141176AD}.Release|Any CPU.ActiveCfg = Release|Any CPU
		{0F8DE453-0970-41C3-829B-1096141176AD}.Release|Any CPU.Build.0 = Release|Any CPU
		{ED9DCC82-9E76-4F4A-9D4D-8B3D03F6CC49}.Debug|Any CPU.ActiveCfg = Debug|Any CPU
		{ED9DCC82-9E76-4F4A-9D4D-8B3D03F6CC49}.Debug|Any CPU.Build.0 = Debug|Any CPU
		{ED9DCC82-9E76-4F4A-9D4D-8B3D03F6CC49}.Release|Any CPU.ActiveCfg = Release|Any CPU
		{ED9DCC82-9E76-4F4A-9D4D-8B3D03F6CC49}.Release|Any CPU.Build.0 = Release|Any CPU
		{40837FDB-8B78-45F3-91EA-B8BA7321827D}.Debug|Any CPU.ActiveCfg = Debug|Any CPU
		{40837FDB-8B78-45F3-91EA-B8BA7321827D}.Debug|Any CPU.Build.0 = Debug|Any CPU
		{40837FDB-8B78-45F3-91EA-B8BA7321827D}.Release|Any CPU.ActiveCfg = Release|Any CPU
		{40837FDB-8B78-45F3-91EA-B8BA7321827D}.Release|Any CPU.Build.0 = Release|Any CPU
	EndGlobalSection
	GlobalSection(SolutionProperties) = preSolution
		HideSolutionNode = FALSE
	EndGlobalSection
	GlobalSection(NestedProjects) = preSolution
		{47DE398A-6DBE-47B2-AF45-555A77FA9084} = {813B232E-670E-461B-B5D8-AA045FDD4683}
		{D4E6CE36-6C6D-48A7-9CCD-6E8C2A403E42} = {813B232E-670E-461B-B5D8-AA045FDD4683}
		{9079AFE8-A509-4576-BF89-C91A8DBA90AD} = {46A97AAC-2317-4B15-92F3-08E7EA6ADC93}
		{ED3ABD4D-E0C6-4416-8068-D54A78981296} = {46A97AAC-2317-4B15-92F3-08E7EA6ADC93}
		{09E5FE5F-9A11-4513-ADCD-65B1C6C3A6A1} = {6EC32E95-B70D-4C8E-9AA6-B302D6F0AC96}
		{B7F4AE01-315A-4F1C-8FAD-1DFF277DAADB} = {6EC32E95-B70D-4C8E-9AA6-B302D6F0AC96}
		{0BA0B21C-F761-4EFB-B7CD-901E9B397381} = {76F1AC82-D2C9-4BE3-A25E-A8D05DF56BD8}
		{61C1A4CB-5FE8-4F44-8440-BE8AA94E0B1C} = {76F1AC82-D2C9-4BE3-A25E-A8D05DF56BD8}
		{2DA2335D-790B-4987-8670-2BD348B92EAE} = {6EC32E95-B70D-4C8E-9AA6-B302D6F0AC96}
		{695B61B8-F35E-4B4A-B926-0F01B4255573} = {6EC32E95-B70D-4C8E-9AA6-B302D6F0AC96}
		{0813E255-6EE7-48E1-A66E-309165779E0F} = {76F1AC82-D2C9-4BE3-A25E-A8D05DF56BD8}
		{0F8DE453-0970-41C3-829B-1096141176AD} = {76F1AC82-D2C9-4BE3-A25E-A8D05DF56BD8}
		{ED9DCC82-9E76-4F4A-9D4D-8B3D03F6CC49} = {46A97AAC-2317-4B15-92F3-08E7EA6ADC93}
		{40837FDB-8B78-45F3-91EA-B8BA7321827D} = {46A97AAC-2317-4B15-92F3-08E7EA6ADC93}
	EndGlobalSection
	GlobalSection(ExtensibilityGlobals) = postSolution
		SolutionGuid = {DBA56912-D7B8-432B-B5A8-0158B041B03D}
	EndGlobalSection
EndGlobal
